
Microsoft Visual Studio Solution File, Format Version 12.00
# Visual Studio Version 17
VisualStudioVersion = 17.9.34902.65
MinimumVisualStudioVersion = 10.0.40219.1
Project("{9A19103F-16F7-4668-BE54-9A1E7A4F7556}") = "AridArnold", "AridArnold\AridArnold.csproj", "{817FB3CD-2658-4AE1-8F8E-3CC1051CB972}"
EndProject
Global
	GlobalSection(SolutionConfigurationPlatforms) = preSolution
		Debug|Any CPU = Debug|Any CPU
		Release|Any CPU = Release|Any CPU
	EndGlobalSection
	GlobalSection(ProjectConfigurationPlatforms) = postSolution
		{817FB3CD-2658-4AE1-8F8E-3CC1051CB972}.Debug|Any CPU.ActiveCfg = Debug|Any CPU
		{817FB3CD-2658-4AE1-8F8E-3CC1051CB972}.Debug|Any CPU.Build.0 = Debug|Any CPU
		{817FB3CD-2658-4AE1-8F8E-3CC1051CB972}.Release|Any CPU.ActiveCfg = Release|Any CPU
		{817FB3CD-2658-4AE1-8F8E-3CC1051CB972}.Release|Any CPU.Build.0 = Release|Any CPU
	EndGlobalSection
	GlobalSection(SolutionProperties) = preSolution
		HideSolutionNode = FALSE
	EndGlobalSection
	GlobalSection(ExtensibilityGlobals) = postSolution
		SolutionGuid = {A87744A0-1086-447B-B350-497AE3053319}
	EndGlobalSection
EndGlobal
